{
  "nodes": {
    "nixpkgs": {
      "locked": {
        "lastModified": 1770841267,
        "narHash": "sha256-9xejG0KoqsoKEGp2kVbXRlEYtFFcDTHjidiuX8hGO44=",
        "rev": "ec7c70d12ce2fc37cb92aff673dcdca89d187bae",
        "revCount": 944744,
        "type": "tarball",
        "url": "https://api.flakehub.com/f/pinned/NixOS/nixpkgs/0.1.944744%2Brev-ec7c70d12ce2fc37cb92aff673dcdca89d187bae/019c5479-7aec-77e1-8c91-c2c6a5fd4d29/source.tar.gz"
      },
      "original": {
        "type": "tarball",
        "url": "https://flakehub.com/f/NixOS/nixpkgs/0.1.%2A.tar.gz"
      }
    },
    "root": {
      "inputs": {
        "nixpkgs": "nixpkgs"
      }
    }
  },
  "root": "root",
  "version": 7
}
